
Microsoft Visual Studio Solution File, Format Version 12.00
# Visual Studio 14
VisualStudioVersion = 14.0.25420.1
MinimumVisualStudioVersion = 10.0.40219.1
Project("{F14B399A-7131-4C87-9E4B-1186C45EF12D}") = "Tutorial", "Tutorial\Tutorial.rptproj", "{E0D5A1FD-1296-4F7F-A938-1D5AF94A7687}"
EndProject
Global
	GlobalSection(SolutionConfigurationPlatforms) = preSolution
		Debug|Default = Debug|Default
		DebugLocal|Default = DebugLocal|Default
		Release|Default = Release|Default
	EndGlobalSection
	GlobalSection(ProjectConfigurationPlatforms) = postSolution
		{E0D5A1FD-1296-4F7F-A938-1D5AF94A7687}.Debug|Default.ActiveCfg = Debug
		{E0D5A1FD-1296-4F7F-A938-1D5AF94A7687}.Debug|Default.Build.0 = Debug
		{E0D5A1FD-1296-4F7F-A938-1D5AF94A7687}.Debug|Default.Deploy.0 = Debug
		{E0D5A1FD-1296-4F7F-A938-1D5AF94A7687}.DebugLocal|Default.ActiveCfg = DebugLocal
		{E0D5A1FD-1296-4F7F-A938-1D5AF94A7687}.DebugLocal|Default.Build.0 = DebugLocal
		{E0D5A1FD-1296-4F7F-A938-1D5AF94A7687}.Release|Default.ActiveCfg = Release
		{E0D5A1FD-1296-4F7F-A938-1D5AF94A7687}.Release|Default.Build.0 = Release
		{E0D5A1FD-1296-4F7F-A938-1D5AF94A7687}.Release|Default.Deploy.0 = Release
	EndGlobalSection
	GlobalSection(SolutionProperties) = preSolution
		HideSolutionNode = FALSE
	EndGlobalSection
EndGlobal
