
Microsoft Visual Studio Solution File, Format Version 12.00
# Visual Studio 14
VisualStudioVersion = 14.0.25420.1
MinimumVisualStudioVersion = 10.0.40219.1
Project("{F14B399A-7131-4C87-9E4B-1186C45EF12D}") = "Tutorial", "Tutorial\Tutorial.rptproj", "{1BFF3DA8-3CAB-4D89-982E-A9EA4135C532}"
EndProject
Global
	GlobalSection(SolutionConfigurationPlatforms) = preSolution
		Debug|Default = Debug|Default
		DebugLocal|Default = DebugLocal|Default
		Release|Default = Release|Default
	EndGlobalSection
	GlobalSection(ProjectConfigurationPlatforms) = postSolution
		{1BFF3DA8-3CAB-4D89-982E-A9EA4135C532}.Debug|Default.ActiveCfg = Debug
		{1BFF3DA8-3CAB-4D89-982E-A9EA4135C532}.Debug|Default.Build.0 = Debug
		{1BFF3DA8-3CAB-4D89-982E-A9EA4135C532}.Debug|Default.Deploy.0 = Debug
		{1BFF3DA8-3CAB-4D89-982E-A9EA4135C532}.DebugLocal|Default.ActiveCfg = DebugLocal
		{1BFF3DA8-3CAB-4D89-982E-A9EA4135C532}.DebugLocal|Default.Build.0 = DebugLocal
		{1BFF3DA8-3CAB-4D89-982E-A9EA4135C532}.Release|Default.ActiveCfg = Release
		{1BFF3DA8-3CAB-4D89-982E-A9EA4135C532}.Release|Default.Build.0 = Release
		{1BFF3DA8-3CAB-4D89-982E-A9EA4135C532}.Release|Default.Deploy.0 = Release
	EndGlobalSection
	GlobalSection(SolutionProperties) = preSolution
		HideSolutionNode = FALSE
	EndGlobalSection
EndGlobal
