
Microsoft Visual Studio Solution File, Format Version 12.00
# Visual Studio 14
VisualStudioVersion = 14.0.25420.1
MinimumVisualStudioVersion = 10.0.40219.1
Project("{F14B399A-7131-4C87-9E4B-1186C45EF12D}") = "Report Project1", "Report Project1\Report Project1.rptproj", "{AF3E72C1-CEAE-4F9F-B57C-BAAEE30CC69B}"
EndProject
Global
	GlobalSection(SolutionConfigurationPlatforms) = preSolution
		Debug|Default = Debug|Default
		DebugLocal|Default = DebugLocal|Default
		Release|Default = Release|Default
	EndGlobalSection
	GlobalSection(ProjectConfigurationPlatforms) = postSolution
		{AF3E72C1-CEAE-4F9F-B57C-BAAEE30CC69B}.Debug|Default.ActiveCfg = Debug
		{AF3E72C1-CEAE-4F9F-B57C-BAAEE30CC69B}.Debug|Default.Build.0 = Debug
		{AF3E72C1-CEAE-4F9F-B57C-BAAEE30CC69B}.Debug|Default.Deploy.0 = Debug
		{AF3E72C1-CEAE-4F9F-B57C-BAAEE30CC69B}.DebugLocal|Default.ActiveCfg = DebugLocal
		{AF3E72C1-CEAE-4F9F-B57C-BAAEE30CC69B}.DebugLocal|Default.Build.0 = DebugLocal
		{AF3E72C1-CEAE-4F9F-B57C-BAAEE30CC69B}.Release|Default.ActiveCfg = Release
		{AF3E72C1-CEAE-4F9F-B57C-BAAEE30CC69B}.Release|Default.Build.0 = Release
		{AF3E72C1-CEAE-4F9F-B57C-BAAEE30CC69B}.Release|Default.Deploy.0 = Release
	EndGlobalSection
	GlobalSection(SolutionProperties) = preSolution
		HideSolutionNode = FALSE
	EndGlobalSection
EndGlobal
